// !$*UTF8*$!
{
	archiveVersion = 1;
	classes = {
	};
	objectVersion = 56;
	objects = {

/* Begin PBXBuildFile section */
		A794A05F29AEE8C300F00A97 /* AppDelegate.swift in Sources */ = {isa = PBXBuildFile; fileRef = A794A05E29AEE8C300F00A97 /* AppDelegate.swift */; };
		A794A06129AEE8C300F00A97 /* SceneDelegate.swift in Sources */ = {isa = PBXBuildFile; fileRef = A794A06029AEE8C300F00A97 /* SceneDelegate.swift */; };
		A794A06329AEE8C300F00A97 /* ViewController.swift in Sources */ = {isa = PBXBuildFile; fileRef = A794A06229AEE8C300F00A97 /* ViewController.swift */; };
		A794A06629AEE8C300F00A97 /* Main.storyboard in Resources */ = {isa = PBXBuildFile; fileRef = A794A06429AEE8C300F00A97 /* Main.storyboard */; };
		A794A06829AEE8C600F00A97 /* Assets.xcassets in Resources */ = {isa = PBXBuildFile; fileRef = A794A06729AEE8C600F00A97 /* Assets.xcassets */; };
		A794A06B29AEE8C600F00A97 /* LaunchScreen.storyboard in Resources */ = {isa = PBXBuildFile; fileRef = A794A06929AEE8C600F00A97 /* LaunchScreen.storyboard */; };
		A794A07329AEF66B00F00A97 /* DetailViewController.swift in Sources */ = {isa = PBXBuildFile; fileRef = A794A07229AEF66B00F00A97 /* DetailViewController.swift */; };
		A794A07529AFB33300F00A97 /* PageInfo.swift in Sources */ = {isa = PBXBuildFile; fileRef = A794A07429AFB33300F00A97 /* PageInfo.swift */; };
/* End PBXBuildFile section */

/* Begin PBXFileReference section */
		A794A05B29AEE8C300F00A97 /* Naruto.app */ = {isa = PBXFileReference; explicitFileType = wrapper.application; includeInIndex = 0; path = Naruto.app; sourceTree = BUILT_PRODUCTS_DIR; };
		A794A05E29AEE8C300F00A97 /* AppDelegate.swift */ = {isa = PBXFileReference; lastKnownFileType = sourcecode.swift; path = AppDelegate.swift; sourceTree = "<group>"; };
		A794A06029AEE8C300F00A97 /* SceneDelegate.swift */ = {isa = PBXFileReference; lastKnownFileType = sourcecode.swift; path = SceneDelegate.swift; sourceTree = "<group>"; };
		A794A06229AEE8C300F00A97 /* ViewController.swift */ = {isa = PBXFileReference; lastKnownFileType = sourcecode.swift; path = ViewController.swift; sourceTree = "<group>"; };
		A794A06529AEE8C300F00A97 /* Base */ = {isa = PBXFileReference; lastKnownFileType = file.storyboard; name = Base; path = Base.lproj/Main.storyboard; sourceTree = "<group>"; };
		A794A06729AEE8C600F00A97 /* Assets.xcassets */ = {isa = PBXFileReference; lastKnownFileType = folder.assetcatalog; path = Assets.xcassets; sourceTree = "<group>"; };
		A794A06A29AEE8C600F00A97 /* Base */ = {isa = PBXFileReference; lastKnownFileType = file.storyboard; name = Base; path = Base.lproj/LaunchScreen.storyboard; sourceTree = "<group>"; };
		A794A06C29AEE8C600F00A97 /* Info.plist */ = {isa = PBXFileReference; lastKnownFileType = text.plist.xml; path = Info.plist; sourceTree = "<group>"; };
		A794A07229AEF66B00F00A97 /* DetailViewController.swift */ = {isa = PBXFileReference; lastKnownFileType = sourcecode.swift; path = DetailViewController.swift; sourceTree = "<group>"; };
		A794A07429AFB33300F00A97 /* PageInfo.swift */ = {isa = PBXFileReference; lastKnownFileType = sourcecode.swift; path = PageInfo.swift; sourceTree = "<group>"; };
/* End PBXFileReference section */

/* Begin PBXFrameworksBuildPhase section */
		A794A05829AEE8C300F00A97 /* Frameworks */ = {
			isa = PBXFrameworksBuildPhase;
			buildActionMask = 2147483647;
			files = (
			);
			runOnlyForDeploymentPostprocessing = 0;
		};
/* End PBXFrameworksBuildPhase section */

/* Begin PBXGroup section */
		A794A05229AEE8C300F00A97 = {
			isa = PBXGroup;
			children = (
				A794A05D29AEE8C300F00A97 /* Project1_Naruto_Intro */,
				A794A05C29AEE8C300F00A97 /* Products */,
			);
			sourceTree = "<group>";
		};
		A794A05C29AEE8C300F00A97 /* Products */ = {
			isa = PBXGroup;
			children = (
				A794A05B29AEE8C300F00A97 /* Naruto.app */,
			);
			name = Products;
			sourceTree = "<group>";
		};
		A794A05D29AEE8C300F00A97 /* Project1_Naruto_Intro */ = {
			isa = PBXGroup;
			children = (
				A794A05E29AEE8C300F00A97 /* AppDelegate.swift */,
				A794A06029AEE8C300F00A97 /* SceneDelegate.swift */,
				A794A06229AEE8C300F00A97 /* ViewController.swift */,
				A794A06429AEE8C300F00A97 /* Main.storyboard */,
				A794A07229AEF66B00F00A97 /* DetailViewController.swift */,
				A794A06729AEE8C600F00A97 /* Assets.xcassets */,
				A794A06929AEE8C600F00A97 /* LaunchScreen.storyboard */,
				A794A06C29AEE8C600F00A97 /* Info.plist */,
				A794A07429AFB33300F00A97 /* PageInfo.swift */,
			);
			path = Project1_Naruto_Intro;
			sourceTree = "<group>";
		};
/* End PBXGroup section */

/* Begin PBXNativeTarget section */
		A794A05A29AEE8C300F00A97 /* Project1_Naruto_Intro */ = {
			isa = PBXNativeTarget;
			buildConfigurationList = A794A06F29AEE8C600F00A97 /* Build configuration list for PBXNativeTarget "Project1_Naruto_Intro" */;
			buildPhases = (
				A794A05729AEE8C300F00A97 /* Sources */,
				A794A05829AEE8C300F00A97 /* Frameworks */,
				A794A05929AEE8C300F00A97 /* Resources */,
			);
			buildRules = (
			);
			dependencies = (
			);
			name = Project1_Naruto_Intro;
			productName = Project1_Naruto_Intro;
			productReference = A794A05B29AEE8C300F00A97 /* Naruto.app */;
			productType = "com.apple.product-type.application";
		};
/* End PBXNativeTarget section */

/* Begin PBXProject section */
		A794A05329AEE8C300F00A97 /* Project object */ = {
			isa = PBXProject;
			attributes = {
				BuildIndependentTargetsInParallel = 1;
				LastSwiftUpdateCheck = 1420;
				LastUpgradeCheck = 1420;
				TargetAttributes = {
					A794A05A29AEE8C300F00A97 = {
						CreatedOnToolsVersion = 14.2;
					};
				};
			};
			buildConfigurationList = A794A05629AEE8C300F00A97 /* Build configuration list for PBXProject "Project1_Naruto_Intro" */;
			compatibilityVersion = "Xcode 14.0";
			developmentRegion = en;
			hasScannedForEncodings = 0;
			knownRegions = (
				en,
				Base,
			);
			mainGroup = A794A05229AEE8C300F00A97;
			productRefGroup = A794A05C29AEE8C300F00A97 /* Products */;
			projectDirPath = "";
			projectRoot = "";
			targets = (
				A794A05A29AEE8C300F00A97 /* Project1_Naruto_Intro */,
			);
		};
/* End PBXProject section */

/* Begin PBXResourcesBuildPhase section */
		A794A05929AEE8C300F00A97 /* Resources */ = {
			isa = PBXResourcesBuildPhase;
			buildActionMask = 2147483647;
			files = (
				A794A06B29AEE8C600F00A97 /* LaunchScreen.storyboard in Resources */,
				A794A06829AEE8C600F00A97 /* Assets.xcassets in Resources */,
				A794A06629AEE8C300F00A97 /* Main.storyboard in Resources */,
			);
			runOnlyForDeploymentPostprocessing = 0;
		};
/* End PBXResourcesBuildPhase section */

/* Begin PBXSourcesBuildPhase section */
		A794A05729AEE8C300F00A97 /* Sources */ = {
			isa = PBXSourcesBuildPhase;
			buildActionMask = 2147483647;
			files = (
				A794A06329AEE8C300F00A97 /* ViewController.swift in Sources */,
				A794A05F29AEE8C300F00A97 /* AppDelegate.swift in Sources */,
				A794A07529AFB33300F00A97 /* PageInfo.swift in Sources */,
				A794A06129AEE8C300F00A97 /* SceneDelegate.swift in Sources */,
				A794A07329AEF66B00F00A97 /* DetailViewController.swift in Sources */,
			);
			runOnlyForDeploymentPostprocessing = 0;
		};
/* End PBXSourcesBuildPhase section */

/* Begin PBXVariantGroup section */
		A794A06429AEE8C300F00A97 /* Main.storyboard */ = {
			isa = PBXVariantGroup;
			children = (
				A794A06529AEE8C300F00A97 /* Base */,
			);
			name = Main.storyboard;
			sourceTree = "<group>";
		};
		A794A06929AEE8C600F00A97 /* LaunchScreen.storyboard */ = {
			isa = PBXVariantGroup;
			children = (
				A794A06A29AEE8C600F00A97 /* Base */,
			);
			name = LaunchScreen.storyboard;
			sourceTree = "<group>";
		};
/* End PBXVariantGroup section */

/* Begin XCBuildConfiguration section */
		A794A06D29AEE8C600F00A97 /* Debug */ = {
			isa = XCBuildConfiguration;
			buildSettings = {
				ALWAYS_SEARCH_USER_PATHS = NO;
				CLANG_ANALYZER_NONNULL = YES;
				CLANG_ANALYZER_NUMBER_OBJECT_CONVERSION = YES_AGGRESSIVE;
				CLANG_CXX_LANGUAGE_STANDARD = "gnu++20";
				CLANG_ENABLE_MODULES = YES;
				CLANG_ENABLE_OBJC_ARC = YES;
				CLANG_ENABLE_OBJC_WEAK = YES;
				CLANG_WARN_BLOCK_CAPTURE_AUTORELEASING = YES;
				CLANG_WARN_BOOL_CONVERSION = YES;
				CLANG_WARN_COMMA = YES;
				CLANG_WARN_CONSTANT_CONVERSION = YES;
				CLANG_WARN_DEPRECATED_OBJC_IMPLEMENTATIONS = YES;
				CLANG_WARN_DIRECT_OBJC_ISA_USAGE = YES_ERROR;
				CLANG_WARN_DOCUMENTATION_COMMENTS = YES;
				CLANG_WARN_EMPTY_BODY = YES;
				CLANG_WARN_ENUM_CONVERSION = YES;
				CLANG_WARN_INFINITE_RECURSION = YES;
				CLANG_WARN_INT_CONVERSION = YES;
				CLANG_WARN_NON_LITERAL_NULL_CONVERSION = YES;
				CLANG_WARN_OBJC_IMPLICIT_RETAIN_SELF = YES;
				CLANG_WARN_OBJC_LITERAL_CONVERSION = YES;
				CLANG_WARN_OBJC_ROOT_CLASS = YES_ERROR;
				CLANG_WARN_QUOTED_INCLUDE_IN_FRAMEWORK_HEADER = YES;
				CLANG_WARN_RANGE_LOOP_ANALYSIS = YES;
				CLANG_WARN_STRICT_PROTOTYPES = YES;
				CLANG_WARN_SUSPICIOUS_MOVE = YES;
				CLANG_WARN_UNGUARDED_AVAILABILITY = YES_AGGRESSIVE;
				CLANG_WARN_UNREACHABLE_CODE = YES;
				CLANG_WARN__DUPLICATE_METHOD_MATCH = YES;
				COPY_PHASE_STRIP = NO;
				DEBUG_INFORMATION_FORMAT = dwarf;
				ENABLE_STRICT_OBJC_MSGSEND = YES;
				ENABLE_TESTABILITY = YES;
				GCC_C_LANGUAGE_STANDARD = gnu11;
				GCC_DYNAMIC_NO_PIC = NO;
				GCC_NO_COMMON_BLOCKS = YES;
				GCC_OPTIMIZATION_LEVEL = 0;
				GCC_PREPROCESSOR_DEFINITIONS = (
					"DEBUG=1",
					"$(inherited)",
				);
				GCC_WARN_64_TO_32_BIT_CONVERSION = YES;
				GCC_WARN_ABOUT_RETURN_TYPE = YES_ERROR;
				GCC_WARN_UNDECLARED_SELECTOR = YES;
				GCC_WARN_UNINITIALIZED_AUTOS = YES_AGGRESSIVE;
				GCC_WARN_UNUSED_FUNCTION = YES;
				GCC_WARN_UNUSED_VARIABLE = YES;
				IPHONEOS_DEPLOYMENT_TARGET = 16.2;
				MTL_ENABLE_DEBUG_INFO = INCLUDE_SOURCE;
				MTL_FAST_MATH = YES;
				ONLY_ACTIVE_ARCH = YES;
				SDKROOT = iphoneos;
				SWIFT_ACTIVE_COMPILATION_CONDITIONS = DEBUG;
				SWIFT_OPTIMIZATION_LEVEL = "-Onone";
			};
			name = Debug;
		};
		A794A06E29AEE8C600F00A97 /* Release */ = {
			isa = XCBuildConfiguration;
			buildSettings = {
				ALWAYS_SEARCH_USER_PATHS = NO;
				CLANG_ANALYZER_NONNULL = YES;
				CLANG_ANALYZER_NUMBER_OBJECT_CONVERSION = YES_AGGRESSIVE;
				CLANG_CXX_LANGUAGE_STANDARD = "gnu++20";
				CLANG_ENABLE_MODULES = YES;
				CLANG_ENABLE_OBJC_ARC = YES;
				CLANG_ENABLE_OBJC_WEAK = YES;
				CLANG_WARN_BLOCK_CAPTURE_AUTORELEASING = YES;
				CLANG_WARN_BOOL_CONVERSION = YES;
				CLANG_WARN_COMMA = YES;
				CLANG_WARN_CONSTANT_CONVERSION = YES;
				CLANG_WARN_DEPRECATED_OBJC_IMPLEMENTATIONS = YES;
				CLANG_WARN_DIRECT_OBJC_ISA_USAGE = YES_ERROR;
				CLANG_WARN_DOCUMENTATION_COMMENTS = YES;
				CLANG_WARN_EMPTY_BODY = YES;
				CLANG_WARN_ENUM_CONVERSION = YES;
				CLANG_WARN_INFINITE_RECURSION = YES;
				CLANG_WARN_INT_CONVERSION = YES;
				CLANG_WARN_NON_LITERAL_NULL_CONVERSION = YES;
				CLANG_WARN_OBJC_IMPLICIT_RETAIN_SELF = YES;
				CLANG_WARN_OBJC_LITERAL_CONVERSION = YES;
				CLANG_WARN_OBJC_ROOT_CLASS = YES_ERROR;
				CLANG_WARN_QUOTED_INCLUDE_IN_FRAMEWORK_HEADER = YES;
				CLANG_WARN_RANGE_LOOP_ANALYSIS = YES;
				CLANG_WARN_STRICT_PROTOTYPES = YES;
				CLANG_WARN_SUSPICIOUS_MOVE = YES;
				CLANG_WARN_UNGUARDED_AVAILABILITY = YES_AGGRESSIVE;
				CLANG_WARN_UNREACHABLE_CODE = YES;
				CLANG_WARN__DUPLICATE_METHOD_MATCH = YES;
				COPY_PHASE_STRIP = NO;
				DEBUG_INFORMATION_FORMAT = "dwarf-with-dsym";
				ENABLE_NS_ASSERTIONS = NO;
				ENABLE_STRICT_OBJC_MSGSEND = YES;
				GCC_C_LANGUAGE_STANDARD = gnu11;
				GCC_NO_COMMON_BLOCKS = YES;
				GCC_WARN_64_TO_32_BIT_CONVERSION = YES;
				GCC_WARN_ABOUT_RETURN_TYPE = YES_ERROR;
				GCC_WARN_UNDECLARED_SELECTOR = YES;
				GCC_WARN_UNINITIALIZED_AUTOS = YES_AGGRESSIVE;
				GCC_WARN_UNUSED_FUNCTION = YES;
				GCC_WARN_UNUSED_VARIABLE = YES;
				IPHONEOS_DEPLOYMENT_TARGET = 16.2;
				MTL_ENABLE_DEBUG_INFO = NO;
				MTL_FAST_MATH = YES;
				SDKROOT = iphoneos;
				SWIFT_COMPILATION_MODE = wholemodule;
				SWIFT_OPTIMIZATION_LEVEL = "-O";
				VALIDATE_PRODUCT = YES;
			};
			name = Release;
		};
		A794A07029AEE8C600F00A97 /* Debug */ = {
			isa = XCBuildConfiguration;
			buildSettings = {
				ASSETCATALOG_COMPILER_APPICON_NAME = AppIcon;
				ASSETCATALOG_COMPILER_GLOBAL_ACCENT_COLOR_NAME = AccentColor;
				CODE_SIGN_STYLE = Automatic;
				CURRENT_PROJECT_VERSION = 1;
				GENERATE_INFOPLIST_FILE = YES;
				INFOPLIST_FILE = Project1_Naruto_Intro/Info.plist;
				INFOPLIST_KEY_UIApplicationSupportsIndirectInputEvents = YES;
				INFOPLIST_KEY_UILaunchStoryboardName = LaunchScreen;
				INFOPLIST_KEY_UIMainStoryboardFile = Main;
				INFOPLIST_KEY_UISupportedInterfaceOrientations_iPad = "UIInterfaceOrientationPortrait UIInterfaceOrientationPortraitUpsideDown UIInterfaceOrientationLandscapeLeft UIInterfaceOrientationLandscapeRight";
				INFOPLIST_KEY_UISupportedInterfaceOrientations_iPhone = "UIInterfaceOrientationPortrait UIInterfaceOrientationLandscapeLeft UIInterfaceOrientationLandscapeRight";
				LD_RUNPATH_SEARCH_PATHS = (
					"$(inherited)",
					"@executable_path/Frameworks",
				);
				MARKETING_VERSION = 1.0;
				PRODUCT_BUNDLE_IDENTIFIER = "Arun.Project1-Naruto-Intro";
				PRODUCT_NAME = Naruto;
				SWIFT_EMIT_LOC_STRINGS = YES;
				SWIFT_VERSION = 5.0;
				TARGETED_DEVICE_FAMILY = "1,2";
			};
			name = Debug;
		};
		A794A07129AEE8C600F00A97 /* Release */ = {
			isa = XCBuildConfiguration;
			buildSettings = {
				ASSETCATALOG_COMPILER_APPICON_NAME = AppIcon;
				ASSETCATALOG_COMPILER_GLOBAL_ACCENT_COLOR_NAME = AccentColor;
				CODE_SIGN_STYLE = Automatic;
				CURRENT_PROJECT_VERSION = 1;
				GENERATE_INFOPLIST_FILE = YES;
				INFOPLIST_FILE = Project1_Naruto_Intro/Info.plist;
				INFOPLIST_KEY_UIApplicationSupportsIndirectInputEvents = YES;
				INFOPLIST_KEY_UILaunchStoryboardName = LaunchScreen;
				INFOPLIST_KEY_UIMainStoryboardFile = Main;
				INFOPLIST_KEY_UISupportedInterfaceOrientations_iPad = "UIInterfaceOrientationPortrait UIInterfaceOrientationPortraitUpsideDown UIInterfaceOrientationLandscapeLeft UIInterfaceOrientationLandscapeRight";
				INFOPLIST_KEY_UISupportedInterfaceOrientations_iPhone = "UIInterfaceOrientationPortrait UIInterfaceOrientationLandscapeLeft UIInterfaceOrientationLandscapeRight";
				LD_RUNPATH_SEARCH_PATHS = (
					"$(inherited)",
					"@executable_path/Frameworks",
				);
				MARKETING_VERSION = 1.0;
				PRODUCT_BUNDLE_IDENTIFIER = "Arun.Project1-Naruto-Intro";
				PRODUCT_NAME = Naruto;
				SWIFT_EMIT_LOC_STRINGS = YES;
				SWIFT_VERSION = 5.0;
				TARGETED_DEVICE_FAMILY = "1,2";
			};
			name = Release;
		};
/* End XCBuildConfiguration section */

/* Begin XCConfigurationList section */
		A794A05629AEE8C300F00A97 /* Build configuration list for PBXProject "Project1_Naruto_Intro" */ = {
			isa = XCConfigurationList;
			buildConfigurations = (
				A794A06D29AEE8C600F00A97 /* Debug */,
				A794A06E29AEE8C600F00A97 /* Release */,
			);
			defaultConfigurationIsVisible = 0;
			defaultConfigurationName = Release;
		};
		A794A06F29AEE8C600F00A97 /* Build configuration list for PBXNativeTarget "Project1_Naruto_Intro" */ = {
			isa = XCConfigurationList;
			buildConfigurations = (
				A794A07029AEE8C600F00A97 /* Debug */,
				A794A07129AEE8C600F00A97 /* Release */,
			);
			defaultConfigurationIsVisible = 0;
			defaultConfigurationName = Release;
		};
/* End XCConfigurationList section */
	};
	rootObject = A794A05329AEE8C300F00A97 /* Project object */;
}
